// !$*UTF8*$!
{
	archiveVersion = 1;
	classes = {
	};
	objectVersion = 51;
	objects = {

/* Begin PBXBuildFile section */
		1064A741277DE9B4008F3B76 /* Panier.swift in Sources */ = {isa = PBXBuildFile; fileRef = 1064A739277DE9B4008F3B76 /* Panier.swift */; };
		1064A742277DE9B4008F3B76 /* Produit.swift in Sources */ = {isa = PBXBuildFile; fileRef = 1064A73A277DE9B4008F3B76 /* Produit.swift */; };
		1064A746277DE9B4008F3B76 /* User.swift in Sources */ = {isa = PBXBuildFile; fileRef = 1064A73E277DE9B4008F3B76 /* User.swift */; };
		1064A74C277DEA52008F3B76 /* UserViewModel.swift in Sources */ = {isa = PBXBuildFile; fileRef = 1064A74B277DEA51008F3B76 /* UserViewModel.swift */; };
		1064A74E277DEA57008F3B76 /* ProduitViewModel.swift in Sources */ = {isa = PBXBuildFile; fileRef = 1064A74D277DEA57008F3B76 /* ProduitViewModel.swift */; };
		1064A756277DEA9A008F3B76 /* ImageLoader.swift in Sources */ = {isa = PBXBuildFile; fileRef = 1064A751277DEA9A008F3B76 /* ImageLoader.swift */; };
		1064A757277DEA9A008F3B76 /* Alert.swift in Sources */ = {isa = PBXBuildFile; fileRef = 1064A752277DEA9A008F3B76 /* Alert.swift */; };
		1064A758277DEA9A008F3B76 /* Constantes.swift in Sources */ = {isa = PBXBuildFile; fileRef = 1064A753277DEA9A008F3B76 /* Constantes.swift */; };
		1064A759277DEA9A008F3B76 /* DateUtils.swift in Sources */ = {isa = PBXBuildFile; fileRef = 1064A754277DEA9A008F3B76 /* DateUtils.swift */; };
		1064A75B277DFC97008F3B76 /* SetRoleViewController.swift in Sources */ = {isa = PBXBuildFile; fileRef = 1064A75A277DFC97008F3B76 /* SetRoleViewController.swift */; };
		1064A75D277E1C3D008F3B76 /* CartController.swift in Sources */ = {isa = PBXBuildFile; fileRef = 1064A75C277E1C3D008F3B76 /* CartController.swift */; };
		1064A75F277E1CFB008F3B76 /* PanierViewModel.swift in Sources */ = {isa = PBXBuildFile; fileRef = 1064A75E277E1CFB008F3B76 /* PanierViewModel.swift */; };
		1064A761277E2277008F3B76 /* UserHome.swift in Sources */ = {isa = PBXBuildFile; fileRef = 1064A760277E2277008F3B76 /* UserHome.swift */; };
		3042160CD49F0FE1CD551444 /* Pods_peddler.framework in Frameworks */ = {isa = PBXBuildFile; fileRef = C96F679A6D18F878F29DBD7B /* Pods_peddler.framework */; };
		735A2E5127367D2200A697F1 /* AppDelegate.swift in Sources */ = {isa = PBXBuildFile; fileRef = 735A2E5027367D2200A697F1 /* AppDelegate.swift */; };
		735A2E5327367D2200A697F1 /* SceneDelegate.swift in Sources */ = {isa = PBXBuildFile; fileRef = 735A2E5227367D2200A697F1 /* SceneDelegate.swift */; };
		735A2E5827367D2200A697F1 /* Main.storyboard in Resources */ = {isa = PBXBuildFile; fileRef = 735A2E5627367D2200A697F1 /* Main.storyboard */; };
		735A2E5B27367D2200A697F1 /* peddler.xcdatamodeld in Sources */ = {isa = PBXBuildFile; fileRef = 735A2E5927367D2200A697F1 /* peddler.xcdatamodeld */; };
		735A2E5D27367D2C00A697F1 /* Assets.xcassets in Resources */ = {isa = PBXBuildFile; fileRef = 735A2E5C27367D2C00A697F1 /* Assets.xcassets */; };
		735A2E6027367D2C00A697F1 /* LaunchScreen.storyboard in Resources */ = {isa = PBXBuildFile; fileRef = 735A2E5E27367D2C00A697F1 /* LaunchScreen.storyboard */; };
		73A2451D2742F10B00EEC7B0 /* Accueil.swift in Sources */ = {isa = PBXBuildFile; fileRef = 73A2451C2742F10B00EEC7B0 /* Accueil.swift */; };
		73A245202742FF5D00EEC7B0 /* Start.swift in Sources */ = {isa = PBXBuildFile; fileRef = 73A2451F2742FF5D00EEC7B0 /* Start.swift */; };
		73A245232743015000EEC7B0 /* Connection.swift in Sources */ = {isa = PBXBuildFile; fileRef = 73A245222743015000EEC7B0 /* Connection.swift */; };
		73A245262743023300EEC7B0 /* Singin.swift in Sources */ = {isa = PBXBuildFile; fileRef = 73A245252743023300EEC7B0 /* Singin.swift */; };
		73A245292743035E00EEC7B0 /* CreateNewAccount.swift in Sources */ = {isa = PBXBuildFile; fileRef = 73A245282743035E00EEC7B0 /* CreateNewAccount.swift */; };
		73A2452C2743061E00EEC7B0 /* ColporteurHome.swift in Sources */ = {isa = PBXBuildFile; fileRef = 73A2452B2743061E00EEC7B0 /* ColporteurHome.swift */; };
		7B3A4E3C275EB86800A1B526 /* AddProduitViewController.swift in Sources */ = {isa = PBXBuildFile; fileRef = 7B3A4E3B275EB86800A1B526 /* AddProduitViewController.swift */; };
		7BDE3885276629AE0084B4CF /* home.swift in Sources */ = {isa = PBXBuildFile; fileRef = 7BDE3884276629AE0084B4CF /* home.swift */; };
		7BDE38882766930C0084B4CF /* paypal.swift in Sources */ = {isa = PBXBuildFile; fileRef = 7BDE38872766930C0084B4CF /* paypal.swift */; };
		8815A4532774A52A00E0D948 /* DetailsViewController.swift in Sources */ = {isa = PBXBuildFile; fileRef = 8815A4522774A52A00E0D948 /* DetailsViewController.swift */; };
		885B8F2827822C71005D274F /* MdpOublieView.swift in Sources */ = {isa = PBXBuildFile; fileRef = 885B8F2727822C71005D274F /* MdpOublieView.swift */; };
		885B8F2A27822C8C005D274F /* ConfirmationView.swift in Sources */ = {isa = PBXBuildFile; fileRef = 885B8F2927822C8C005D274F /* ConfirmationView.swift */; };
		885B8F2C27822CA8005D274F /* ChangerMdpView.swift in Sources */ = {isa = PBXBuildFile; fileRef = 885B8F2B27822CA8005D274F /* ChangerMdpView.swift */; };
		885B8F2E27823354005D274F /* ModifProduitViewController.swift in Sources */ = {isa = PBXBuildFile; fileRef = 885B8F2D27823354005D274F /* ModifProduitViewController.swift */; };
		8871B7BC2783999A005B5134 /* ViewController.swift in Sources */ = {isa = PBXBuildFile; fileRef = 8871B7BB2783999A005B5134 /* ViewController.swift */; };
		88E5878F2781BB9600FC1BB1 /* updateprofil.swift in Sources */ = {isa = PBXBuildFile; fileRef = 88E5878E2781BB9600FC1BB1 /* updateprofil.swift */; };
		CE2C09A927543F610020A4E9 /* MapViewController.swift in Sources */ = {isa = PBXBuildFile; fileRef = CE2C09A827543F610020A4E9 /* MapViewController.swift */; };
		CE756FAD27515ED700CDFE55 /* Mapview.swift in Sources */ = {isa = PBXBuildFile; fileRef = CE756FAC27515ED700CDFE55 /* Mapview.swift */; };
/* End PBXBuildFile section */

/* Begin PBXFileReference section */
		1064A739277DE9B4008F3B76 /* Panier.swift */ = {isa = PBXFileReference; fileEncoding = 4; lastKnownFileType = sourcecode.swift; path = Panier.swift; sourceTree = "<group>"; };
		1064A73A277DE9B4008F3B76 /* Produit.swift */ = {isa = PBXFileReference; fileEncoding = 4; lastKnownFileType = sourcecode.swift; path = Produit.swift; sourceTree = "<group>"; };
		1064A73E277DE9B4008F3B76 /* User.swift */ = {isa = PBXFileReference; fileEncoding = 4; lastKnownFileType = sourcecode.swift; path = User.swift; sourceTree = "<group>"; };
		1064A74B277DEA51008F3B76 /* UserViewModel.swift */ = {isa = PBXFileReference; fileEncoding = 4; lastKnownFileType = sourcecode.swift; path = UserViewModel.swift; sourceTree = "<group>"; };
		1064A74D277DEA57008F3B76 /* ProduitViewModel.swift */ = {isa = PBXFileReference; fileEncoding = 4; lastKnownFileType = sourcecode.swift; path = ProduitViewModel.swift; sourceTree = "<group>"; };
		1064A751277DEA9A008F3B76 /* ImageLoader.swift */ = {isa = PBXFileReference; fileEncoding = 4; lastKnownFileType = sourcecode.swift; path = ImageLoader.swift; sourceTree = "<group>"; };
		1064A752277DEA9A008F3B76 /* Alert.swift */ = {isa = PBXFileReference; fileEncoding = 4; lastKnownFileType = sourcecode.swift; path = Alert.swift; sourceTree = "<group>"; };
		1064A753277DEA9A008F3B76 /* Constantes.swift */ = {isa = PBXFileReference; fileEncoding = 4; lastKnownFileType = sourcecode.swift; path = Constantes.swift; sourceTree = "<group>"; };
		1064A754277DEA9A008F3B76 /* DateUtils.swift */ = {isa = PBXFileReference; fileEncoding = 4; lastKnownFileType = sourcecode.swift; path = DateUtils.swift; sourceTree = "<group>"; };
		1064A75A277DFC97008F3B76 /* SetRoleViewController.swift */ = {isa = PBXFileReference; lastKnownFileType = sourcecode.swift; path = SetRoleViewController.swift; sourceTree = "<group>"; };
		1064A75C277E1C3D008F3B76 /* CartController.swift */ = {isa = PBXFileReference; fileEncoding = 4; lastKnownFileType = sourcecode.swift; path = CartController.swift; sourceTree = "<group>"; };
		1064A75E277E1CFB008F3B76 /* PanierViewModel.swift */ = {isa = PBXFileReference; fileEncoding = 4; lastKnownFileType = sourcecode.swift; path = PanierViewModel.swift; sourceTree = "<group>"; };
		1064A760277E2277008F3B76 /* UserHome.swift */ = {isa = PBXFileReference; fileEncoding = 4; lastKnownFileType = sourcecode.swift; path = UserHome.swift; sourceTree = "<group>"; };
		4124C587CFD541822891E598 /* Pods-peddler.debug.xcconfig */ = {isa = PBXFileReference; includeInIndex = 1; lastKnownFileType = text.xcconfig; name = "Pods-peddler.debug.xcconfig"; path = "Target Support Files/Pods-peddler/Pods-peddler.debug.xcconfig"; sourceTree = "<group>"; };
		5E677FF1ACB9E3E9F6B55BFD /* Pods-peddler.release.xcconfig */ = {isa = PBXFileReference; includeInIndex = 1; lastKnownFileType = text.xcconfig; name = "Pods-peddler.release.xcconfig"; path = "Target Support Files/Pods-peddler/Pods-peddler.release.xcconfig"; sourceTree = "<group>"; };
		735A2E4D27367D2200A697F1 /* peddler.app */ = {isa = PBXFileReference; explicitFileType = wrapper.application; includeInIndex = 0; path = peddler.app; sourceTree = BUILT_PRODUCTS_DIR; };
		735A2E5027367D2200A697F1 /* AppDelegate.swift */ = {isa = PBXFileReference; lastKnownFileType = sourcecode.swift; path = AppDelegate.swift; sourceTree = "<group>"; };
		735A2E5227367D2200A697F1 /* SceneDelegate.swift */ = {isa = PBXFileReference; lastKnownFileType = sourcecode.swift; path = SceneDelegate.swift; sourceTree = "<group>"; };
		735A2E5727367D2200A697F1 /* Base */ = {isa = PBXFileReference; lastKnownFileType = file.storyboard; name = Base; path = Base.lproj/Main.storyboard; sourceTree = "<group>"; };
		735A2E5A27367D2200A697F1 /* peddler.xcdatamodel */ = {isa = PBXFileReference; lastKnownFileType = wrapper.xcdatamodel; path = peddler.xcdatamodel; sourceTree = "<group>"; };
		735A2E5C27367D2C00A697F1 /* Assets.xcassets */ = {isa = PBXFileReference; lastKnownFileType = folder.assetcatalog; path = Assets.xcassets; sourceTree = "<group>"; };
		735A2E5F27367D2C00A697F1 /* Base */ = {isa = PBXFileReference; lastKnownFileType = file.storyboard; name = Base; path = Base.lproj/LaunchScreen.storyboard; sourceTree = "<group>"; };
		735A2E6127367D2C00A697F1 /* Info.plist */ = {isa = PBXFileReference; lastKnownFileType = text.plist.xml; path = Info.plist; sourceTree = "<group>"; };
		73A2451C2742F10B00EEC7B0 /* Accueil.swift */ = {isa = PBXFileReference; lastKnownFileType = sourcecode.swift; path = Accueil.swift; sourceTree = "<group>"; };
		73A2451F2742FF5D00EEC7B0 /* Start.swift */ = {isa = PBXFileReference; lastKnownFileType = sourcecode.swift; path = Start.swift; sourceTree = "<group>"; };
		73A245222743015000EEC7B0 /* Connection.swift */ = {isa = PBXFileReference; lastKnownFileType = sourcecode.swift; path = Connection.swift; sourceTree = "<group>"; };
		73A245252743023300EEC7B0 /* Singin.swift */ = {isa = PBXFileReference; lastKnownFileType = sourcecode.swift; path = Singin.swift; sourceTree = "<group>"; };
		73A245282743035E00EEC7B0 /* CreateNewAccount.swift */ = {isa = PBXFileReference; lastKnownFileType = sourcecode.swift; path = CreateNewAccount.swift; sourceTree = "<group>"; };
		73A2452B2743061E00EEC7B0 /* ColporteurHome.swift */ = {isa = PBXFileReference; lastKnownFileType = sourcecode.swift; path = ColporteurHome.swift; sourceTree = "<group>"; };
		7B3A4E3B275EB86800A1B526 /* AddProduitViewController.swift */ = {isa = PBXFileReference; lastKnownFileType = sourcecode.swift; path = AddProduitViewController.swift; sourceTree = "<group>"; };
		7BDE3884276629AE0084B4CF /* home.swift */ = {isa = PBXFileReference; lastKnownFileType = sourcecode.swift; path = home.swift; sourceTree = "<group>"; };
		7BDE38872766930C0084B4CF /* paypal.swift */ = {isa = PBXFileReference; lastKnownFileType = sourcecode.swift; path = paypal.swift; sourceTree = "<group>"; };
		8815A4522774A52A00E0D948 /* DetailsViewController.swift */ = {isa = PBXFileReference; lastKnownFileType = sourcecode.swift; path = DetailsViewController.swift; sourceTree = "<group>"; };
		885B8F2727822C71005D274F /* MdpOublieView.swift */ = {isa = PBXFileReference; lastKnownFileType = sourcecode.swift; path = MdpOublieView.swift; sourceTree = "<group>"; };
		885B8F2927822C8C005D274F /* ConfirmationView.swift */ = {isa = PBXFileReference; lastKnownFileType = sourcecode.swift; path = ConfirmationView.swift; sourceTree = "<group>"; };
		885B8F2B27822CA8005D274F /* ChangerMdpView.swift */ = {isa = PBXFileReference; lastKnownFileType = sourcecode.swift; path = ChangerMdpView.swift; sourceTree = "<group>"; };
		885B8F2D27823354005D274F /* ModifProduitViewController.swift */ = {isa = PBXFileReference; lastKnownFileType = sourcecode.swift; path = ModifProduitViewController.swift; sourceTree = "<group>"; };
		8871B7BB2783999A005B5134 /* ViewController.swift */ = {isa = PBXFileReference; lastKnownFileType = sourcecode.swift; path = ViewController.swift; sourceTree = "<group>"; };
		88E5878E2781BB9600FC1BB1 /* updateprofil.swift */ = {isa = PBXFileReference; lastKnownFileType = sourcecode.swift; path = updateprofil.swift; sourceTree = "<group>"; };
		C96F679A6D18F878F29DBD7B /* Pods_peddler.framework */ = {isa = PBXFileReference; explicitFileType = wrapper.framework; includeInIndex = 0; path = Pods_peddler.framework; sourceTree = BUILT_PRODUCTS_DIR; };
		CE2C09A827543F610020A4E9 /* MapViewController.swift */ = {isa = PBXFileReference; lastKnownFileType = sourcecode.swift; path = MapViewController.swift; sourceTree = "<group>"; };
		CE756FAC27515ED700CDFE55 /* Mapview.swift */ = {isa = PBXFileReference; lastKnownFileType = sourcecode.swift; lineEnding = 0; path = Mapview.swift; sourceTree = "<group>"; };
/* End PBXFileReference section */

/* Begin PBXFrameworksBuildPhase section */
		735A2E4A27367D2200A697F1 /* Frameworks */ = {
			isa = PBXFrameworksBuildPhase;
			buildActionMask = 2147483647;
			files = (
				3042160CD49F0FE1CD551444 /* Pods_peddler.framework in Frameworks */,
			);
			runOnlyForDeploymentPostprocessing = 0;
		};
/* End PBXFrameworksBuildPhase section */

/* Begin PBXGroup section */
		1064A74F277DEA89008F3B76 /* Utilities */ = {
			isa = PBXGroup;
			children = (
				1064A752277DEA9A008F3B76 /* Alert.swift */,
				1064A753277DEA9A008F3B76 /* Constantes.swift */,
				1064A754277DEA9A008F3B76 /* DateUtils.swift */,
				1064A751277DEA9A008F3B76 /* ImageLoader.swift */,
			);
			path = Utilities;
			sourceTree = "<group>";
		};
		1AAC57DBC2EB74A3979EA11A /* Frameworks */ = {
			isa = PBXGroup;
			children = (
				C96F679A6D18F878F29DBD7B /* Pods_peddler.framework */,
			);
			name = Frameworks;
			sourceTree = "<group>";
		};
		735A2E4427367D2200A697F1 = {
			isa = PBXGroup;
			children = (
				735A2E4F27367D2200A697F1 /* peddler */,
				735A2E4E27367D2200A697F1 /* Products */,
				DF2C2AB624F4A832330AAB41 /* Pods */,
				1AAC57DBC2EB74A3979EA11A /* Frameworks */,
			);
			sourceTree = "<group>";
		};
		735A2E4E27367D2200A697F1 /* Products */ = {
			isa = PBXGroup;
			children = (
				735A2E4D27367D2200A697F1 /* peddler.app */,
			);
			name = Products;
			sourceTree = "<group>";
		};
		735A2E4F27367D2200A697F1 /* peddler */ = {
			isa = PBXGroup;
			children = (
				735A2E5027367D2200A697F1 /* AppDelegate.swift */,
				735A2E5227367D2200A697F1 /* SceneDelegate.swift */,
				735A2E5627367D2200A697F1 /* Main.storyboard */,
				735A2E5E27367D2C00A697F1 /* LaunchScreen.storyboard */,
				735A2E5C27367D2C00A697F1 /* Assets.xcassets */,
				73A244EB2742DD3C00EEC7B0 /* View */,
				73A244EC2742DDDB00EEC7B0 /* ViewModel */,
				73A244ED2742DDF900EEC7B0 /* Model */,
				1064A74F277DEA89008F3B76 /* Utilities */,
				735A2E6127367D2C00A697F1 /* Info.plist */,
				735A2E5927367D2200A697F1 /* peddler.xcdatamodeld */,
			);
			path = peddler;
			sourceTree = "<group>";
		};
		73A244EB2742DD3C00EEC7B0 /* View */ = {
			isa = PBXGroup;
			children = (
				73A2451C2742F10B00EEC7B0 /* Accueil.swift */,
				1064A75C277E1C3D008F3B76 /* CartController.swift */,
				73A2451F2742FF5D00EEC7B0 /* Start.swift */,
				73A245222743015000EEC7B0 /* Connection.swift */,
				73A245252743023300EEC7B0 /* Singin.swift */,
				73A245282743035E00EEC7B0 /* CreateNewAccount.swift */,
				73A2452B2743061E00EEC7B0 /* ColporteurHome.swift */,
				1064A760277E2277008F3B76 /* UserHome.swift */,
				CE756FAC27515ED700CDFE55 /* Mapview.swift */,
				CE2C09A827543F610020A4E9 /* MapViewController.swift */,
				7B3A4E3B275EB86800A1B526 /* AddProduitViewController.swift */,
				7BDE3884276629AE0084B4CF /* home.swift */,
				7BDE38872766930C0084B4CF /* paypal.swift */,
				8815A4522774A52A00E0D948 /* DetailsViewController.swift */,
				1064A75A277DFC97008F3B76 /* SetRoleViewController.swift */,
				88E5878E2781BB9600FC1BB1 /* updateprofil.swift */,
				885B8F2727822C71005D274F /* MdpOublieView.swift */,
				885B8F2927822C8C005D274F /* ConfirmationView.swift */,
				885B8F2B27822CA8005D274F /* ChangerMdpView.swift */,
				885B8F2D27823354005D274F /* ModifProduitViewController.swift */,
				8871B7BB2783999A005B5134 /* ViewController.swift */,
			);
			path = View;
			sourceTree = "<group>";
		};
		73A244EC2742DDDB00EEC7B0 /* ViewModel */ = {
			isa = PBXGroup;
			children = (
				1064A74D277DEA57008F3B76 /* ProduitViewModel.swift */,
				1064A75E277E1CFB008F3B76 /* PanierViewModel.swift */,
				1064A74B277DEA51008F3B76 /* UserViewModel.swift */,
			);
			path = ViewModel;
			sourceTree = "<group>";
		};
		73A244ED2742DDF900EEC7B0 /* Model */ = {
			isa = PBXGroup;
			children = (
				1064A739277DE9B4008F3B76 /* Panier.swift */,
				1064A73A277DE9B4008F3B76 /* Produit.swift */,
				1064A73E277DE9B4008F3B76 /* User.swift */,
			);
			path = Model;
			sourceTree = "<group>";
		};
		DF2C2AB624F4A832330AAB41 /* Pods */ = {
			isa = PBXGroup;
			children = (
				4124C587CFD541822891E598 /* Pods-peddler.debug.xcconfig */,
				5E677FF1ACB9E3E9F6B55BFD /* Pods-peddler.release.xcconfig */,
			);
			path = Pods;
			sourceTree = "<group>";
		};
/* End PBXGroup section */

/* Begin PBXNativeTarget section */
		735A2E4C27367D2200A697F1 /* peddler */ = {
			isa = PBXNativeTarget;
			buildConfigurationList = 735A2E6427367D2C00A697F1 /* Build configuration list for PBXNativeTarget "peddler" */;
			buildPhases = (
				F007C9340E5452BB8301BDBE /* [CP] Check Pods Manifest.lock */,
				735A2E4927367D2200A697F1 /* Sources */,
				735A2E4A27367D2200A697F1 /* Frameworks */,
				735A2E4B27367D2200A697F1 /* Resources */,
				6F18222114CE6505558532CA /* [CP] Embed Pods Frameworks */,
			);
			buildRules = (
			);
			dependencies = (
			);
			name = peddler;
			productName = peddler;
			productReference = 735A2E4D27367D2200A697F1 /* peddler.app */;
			productType = "com.apple.product-type.application";
		};
/* End PBXNativeTarget section */

/* Begin PBXProject section */
		735A2E4527367D2200A697F1 /* Project object */ = {
			isa = PBXProject;
			attributes = {
				LastSwiftUpdateCheck = 1230;
				LastUpgradeCheck = 1230;
				TargetAttributes = {
					735A2E4C27367D2200A697F1 = {
						CreatedOnToolsVersion = 12.3;
					};
				};
			};
			buildConfigurationList = 735A2E4827367D2200A697F1 /* Build configuration list for PBXProject "peddler" */;
			compatibilityVersion = "Xcode 9.3";
			developmentRegion = en;
			hasScannedForEncodings = 0;
			knownRegions = (
				en,
				Base,
			);
			mainGroup = 735A2E4427367D2200A697F1;
			productRefGroup = 735A2E4E27367D2200A697F1 /* Products */;
			projectDirPath = "";
			projectRoot = "";
			targets = (
				735A2E4C27367D2200A697F1 /* peddler */,
			);
		};
/* End PBXProject section */

/* Begin PBXResourcesBuildPhase section */
		735A2E4B27367D2200A697F1 /* Resources */ = {
			isa = PBXResourcesBuildPhase;
			buildActionMask = 2147483647;
			files = (
				735A2E6027367D2C00A697F1 /* LaunchScreen.storyboard in Resources */,
				735A2E5D27367D2C00A697F1 /* Assets.xcassets in Resources */,
				735A2E5827367D2200A697F1 /* Main.storyboard in Resources */,
			);
			runOnlyForDeploymentPostprocessing = 0;
		};
/* End PBXResourcesBuildPhase section */

/* Begin PBXShellScriptBuildPhase section */
		6F18222114CE6505558532CA /* [CP] Embed Pods Frameworks */ = {
			isa = PBXShellScriptBuildPhase;
			buildActionMask = 2147483647;
			files = (
			);
			inputFileListPaths = (
				"${PODS_ROOT}/Target Support Files/Pods-peddler/Pods-peddler-frameworks-${CONFIGURATION}-input-files.xcfilelist",
			);
			name = "[CP] Embed Pods Frameworks";
			outputFileListPaths = (
				"${PODS_ROOT}/Target Support Files/Pods-peddler/Pods-peddler-frameworks-${CONFIGURATION}-output-files.xcfilelist",
			);
			runOnlyForDeploymentPostprocessing = 0;
			shellPath = /bin/sh;
			shellScript = "\"${PODS_ROOT}/Target Support Files/Pods-peddler/Pods-peddler-frameworks.sh\"\n";
			showEnvVarsInLog = 0;
		};
		F007C9340E5452BB8301BDBE /* [CP] Check Pods Manifest.lock */ = {
			isa = PBXShellScriptBuildPhase;
			buildActionMask = 2147483647;
			files = (
			);
			inputFileListPaths = (
			);
			inputPaths = (
				"${PODS_PODFILE_DIR_PATH}/Podfile.lock",
				"${PODS_ROOT}/Manifest.lock",
			);
			name = "[CP] Check Pods Manifest.lock";
			outputFileListPaths = (
			);
			outputPaths = (
				"$(DERIVED_FILE_DIR)/Pods-peddler-checkManifestLockResult.txt",
			);
			runOnlyForDeploymentPostprocessing = 0;
			shellPath = /bin/sh;
			shellScript = "diff \"${PODS_PODFILE_DIR_PATH}/Podfile.lock\" \"${PODS_ROOT}/Manifest.lock\" > /dev/null\nif [ $? != 0 ] ; then\n    # print error to STDERR\n    echo \"error: The sandbox is not in sync with the Podfile.lock. Run 'pod install' or update your CocoaPods installation.\" >&2\n    exit 1\nfi\n# This output is used by Xcode 'outputs' to avoid re-running this script phase.\necho \"SUCCESS\" > \"${SCRIPT_OUTPUT_FILE_0}\"\n";
			showEnvVarsInLog = 0;
		};
/* End PBXShellScriptBuildPhase section */

/* Begin PBXSourcesBuildPhase section */
		735A2E4927367D2200A697F1 /* Sources */ = {
			isa = PBXSourcesBuildPhase;
			buildActionMask = 2147483647;
			files = (
				73A2452C2743061E00EEC7B0 /* ColporteurHome.swift in Sources */,
				73A245292743035E00EEC7B0 /* CreateNewAccount.swift in Sources */,
				1064A757277DEA9A008F3B76 /* Alert.swift in Sources */,
				885B8F2C27822CA8005D274F /* ChangerMdpView.swift in Sources */,
				73A245202742FF5D00EEC7B0 /* Start.swift in Sources */,
				1064A758277DEA9A008F3B76 /* Constantes.swift in Sources */,
				735A2E5B27367D2200A697F1 /* peddler.xcdatamodeld in Sources */,
				8815A4532774A52A00E0D948 /* DetailsViewController.swift in Sources */,
				7BDE38882766930C0084B4CF /* paypal.swift in Sources */,
				73A2451D2742F10B00EEC7B0 /* Accueil.swift in Sources */,
				88E5878F2781BB9600FC1BB1 /* updateprofil.swift in Sources */,
				1064A75D277E1C3D008F3B76 /* CartController.swift in Sources */,
				1064A74E277DEA57008F3B76 /* ProduitViewModel.swift in Sources */,
				885B8F2E27823354005D274F /* ModifProduitViewController.swift in Sources */,
				7B3A4E3C275EB86800A1B526 /* AddProduitViewController.swift in Sources */,
				1064A759277DEA9A008F3B76 /* DateUtils.swift in Sources */,
				73A245232743015000EEC7B0 /* Connection.swift in Sources */,
				885B8F2A27822C8C005D274F /* ConfirmationView.swift in Sources */,
				CE2C09A927543F610020A4E9 /* MapViewController.swift in Sources */,
				CE756FAD27515ED700CDFE55 /* Mapview.swift in Sources */,
				735A2E5127367D2200A697F1 /* AppDelegate.swift in Sources */,
				1064A742277DE9B4008F3B76 /* Produit.swift in Sources */,
				1064A74C277DEA52008F3B76 /* UserViewModel.swift in Sources */,
				1064A756277DEA9A008F3B76 /* ImageLoader.swift in Sources */,
				7BDE3885276629AE0084B4CF /* home.swift in Sources */,
				1064A761277E2277008F3B76 /* UserHome.swift in Sources */,
				8871B7BC2783999A005B5134 /* ViewController.swift in Sources */,
				1064A741277DE9B4008F3B76 /* Panier.swift in Sources */,
				885B8F2827822C71005D274F /* MdpOublieView.swift in Sources */,
				1064A75B277DFC97008F3B76 /* SetRoleViewController.swift in Sources */,
				735A2E5327367D2200A697F1 /* SceneDelegate.swift in Sources */,
				73A245262743023300EEC7B0 /* Singin.swift in Sources */,
				1064A75F277E1CFB008F3B76 /* PanierViewModel.swift in Sources */,
				1064A746277DE9B4008F3B76 /* User.swift in Sources */,
			);
			runOnlyForDeploymentPostprocessing = 0;
		};
/* End PBXSourcesBuildPhase section */

/* Begin PBXVariantGroup section */
		735A2E5627367D2200A697F1 /* Main.storyboard */ = {
			isa = PBXVariantGroup;
			children = (
				735A2E5727367D2200A697F1 /* Base */,
			);
			name = Main.storyboard;
			sourceTree = "<group>";
		};
		735A2E5E27367D2C00A697F1 /* LaunchScreen.storyboard */ = {
			isa = PBXVariantGroup;
			children = (
				735A2E5F27367D2C00A697F1 /* Base */,
			);
			name = LaunchScreen.storyboard;
			sourceTree = "<group>";
		};
/* End PBXVariantGroup section */

/* Begin XCBuildConfiguration section */
		735A2E6227367D2C00A697F1 /* Debug */ = {
			isa = XCBuildConfiguration;
			buildSettings = {
				ALWAYS_SEARCH_USER_PATHS = NO;
				CLANG_ANALYZER_NONNULL = YES;
				CLANG_ANALYZER_NUMBER_OBJECT_CONVERSION = YES_AGGRESSIVE;
				CLANG_CXX_LANGUAGE_STANDARD = "gnu++14";
				CLANG_CXX_LIBRARY = "libc++";
				CLANG_ENABLE_MODULES = YES;
				CLANG_ENABLE_OBJC_ARC = YES;
				CLANG_ENABLE_OBJC_WEAK = YES;
				CLANG_WARN_BLOCK_CAPTURE_AUTORELEASING = YES;
				CLANG_WARN_BOOL_CONVERSION = YES;
				CLANG_WARN_COMMA = YES;
				CLANG_WARN_CONSTANT_CONVERSION = YES;
				CLANG_WARN_DEPRECATED_OBJC_IMPLEMENTATIONS = YES;
				CLANG_WARN_DIRECT_OBJC_ISA_USAGE = YES_ERROR;
				CLANG_WARN_DOCUMENTATION_COMMENTS = YES;
				CLANG_WARN_EMPTY_BODY = YES;
				CLANG_WARN_ENUM_CONVERSION = YES;
				CLANG_WARN_INFINITE_RECURSION = YES;
				CLANG_WARN_INT_CONVERSION = YES;
				CLANG_WARN_NON_LITERAL_NULL_CONVERSION = YES;
				CLANG_WARN_OBJC_IMPLICIT_RETAIN_SELF = YES;
				CLANG_WARN_OBJC_LITERAL_CONVERSION = YES;
				CLANG_WARN_OBJC_ROOT_CLASS = YES_ERROR;
				CLANG_WARN_QUOTED_INCLUDE_IN_FRAMEWORK_HEADER = YES;
				CLANG_WARN_RANGE_LOOP_ANALYSIS = YES;
				CLANG_WARN_STRICT_PROTOTYPES = YES;
				CLANG_WARN_SUSPICIOUS_MOVE = YES;
				CLANG_WARN_UNGUARDED_AVAILABILITY = YES_AGGRESSIVE;
				CLANG_WARN_UNREACHABLE_CODE = YES;
				CLANG_WARN__DUPLICATE_METHOD_MATCH = YES;
				COPY_PHASE_STRIP = NO;
				DEBUG_INFORMATION_FORMAT = dwarf;
				ENABLE_STRICT_OBJC_MSGSEND = YES;
				ENABLE_TESTABILITY = YES;
				GCC_C_LANGUAGE_STANDARD = gnu11;
				GCC_DYNAMIC_NO_PIC = NO;
				GCC_NO_COMMON_BLOCKS = YES;
				GCC_OPTIMIZATION_LEVEL = 0;
				GCC_PREPROCESSOR_DEFINITIONS = (
					"DEBUG=1",
					"$(inherited)",
				);
				GCC_WARN_64_TO_32_BIT_CONVERSION = YES;
				GCC_WARN_ABOUT_RETURN_TYPE = YES_ERROR;
				GCC_WARN_UNDECLARED_SELECTOR = YES;
				GCC_WARN_UNINITIALIZED_AUTOS = YES_AGGRESSIVE;
				GCC_WARN_UNUSED_FUNCTION = YES;
				GCC_WARN_UNUSED_VARIABLE = YES;
				IPHONEOS_DEPLOYMENT_TARGET = 14.3;
				MTL_ENABLE_DEBUG_INFO = INCLUDE_SOURCE;
				MTL_FAST_MATH = YES;
				ONLY_ACTIVE_ARCH = YES;
				SDKROOT = iphoneos;
				SWIFT_ACTIVE_COMPILATION_CONDITIONS = DEBUG;
				SWIFT_OPTIMIZATION_LEVEL = "-Onone";
			};
			name = Debug;
		};
		735A2E6327367D2C00A697F1 /* Release */ = {
			isa = XCBuildConfiguration;
			buildSettings = {
				ALWAYS_SEARCH_USER_PATHS = NO;
				CLANG_ANALYZER_NONNULL = YES;
				CLANG_ANALYZER_NUMBER_OBJECT_CONVERSION = YES_AGGRESSIVE;
				CLANG_CXX_LANGUAGE_STANDARD = "gnu++14";
				CLANG_CXX_LIBRARY = "libc++";
				CLANG_ENABLE_MODULES = YES;
				CLANG_ENABLE_OBJC_ARC = YES;
				CLANG_ENABLE_OBJC_WEAK = YES;
				CLANG_WARN_BLOCK_CAPTURE_AUTORELEASING = YES;
				CLANG_WARN_BOOL_CONVERSION = YES;
				CLANG_WARN_COMMA = YES;
				CLANG_WARN_CONSTANT_CONVERSION = YES;
				CLANG_WARN_DEPRECATED_OBJC_IMPLEMENTATIONS = YES;
				CLANG_WARN_DIRECT_OBJC_ISA_USAGE = YES_ERROR;
				CLANG_WARN_DOCUMENTATION_COMMENTS = YES;
				CLANG_WARN_EMPTY_BODY = YES;
				CLANG_WARN_ENUM_CONVERSION = YES;
				CLANG_WARN_INFINITE_RECURSION = YES;
				CLANG_WARN_INT_CONVERSION = YES;
				CLANG_WARN_NON_LITERAL_NULL_CONVERSION = YES;
				CLANG_WARN_OBJC_IMPLICIT_RETAIN_SELF = YES;
				CLANG_WARN_OBJC_LITERAL_CONVERSION = YES;
				CLANG_WARN_OBJC_ROOT_CLASS = YES_ERROR;
				CLANG_WARN_QUOTED_INCLUDE_IN_FRAMEWORK_HEADER = YES;
				CLANG_WARN_RANGE_LOOP_ANALYSIS = YES;
				CLANG_WARN_STRICT_PROTOTYPES = YES;
				CLANG_WARN_SUSPICIOUS_MOVE = YES;
				CLANG_WARN_UNGUARDED_AVAILABILITY = YES_AGGRESSIVE;
				CLANG_WARN_UNREACHABLE_CODE = YES;
				CLANG_WARN__DUPLICATE_METHOD_MATCH = YES;
				COPY_PHASE_STRIP = NO;
				DEBUG_INFORMATION_FORMAT = "dwarf-with-dsym";
				ENABLE_NS_ASSERTIONS = NO;
				ENABLE_STRICT_OBJC_MSGSEND = YES;
				GCC_C_LANGUAGE_STANDARD = gnu11;
				GCC_NO_COMMON_BLOCKS = YES;
				GCC_WARN_64_TO_32_BIT_CONVERSION = YES;
				GCC_WARN_ABOUT_RETURN_TYPE = YES_ERROR;
				GCC_WARN_UNDECLARED_SELECTOR = YES;
				GCC_WARN_UNINITIALIZED_AUTOS = YES_AGGRESSIVE;
				GCC_WARN_UNUSED_FUNCTION = YES;
				GCC_WARN_UNUSED_VARIABLE = YES;
				IPHONEOS_DEPLOYMENT_TARGET = 14.3;
				MTL_ENABLE_DEBUG_INFO = NO;
				MTL_FAST_MATH = YES;
				SDKROOT = iphoneos;
				SWIFT_COMPILATION_MODE = wholemodule;
				SWIFT_OPTIMIZATION_LEVEL = "-O";
				VALIDATE_PRODUCT = YES;
			};
			name = Release;
		};
		735A2E6527367D2C00A697F1 /* Debug */ = {
			isa = XCBuildConfiguration;
			baseConfigurationReference = 4124C587CFD541822891E598 /* Pods-peddler.debug.xcconfig */;
			buildSettings = {
				ASSETCATALOG_COMPILER_APPICON_NAME = AppIcon;
				ASSETCATALOG_COMPILER_GLOBAL_ACCENT_COLOR_NAME = AccentColor;
				CODE_SIGN_STYLE = Automatic;
				INFOPLIST_FILE = peddler/Info.plist;
				LD_RUNPATH_SEARCH_PATHS = (
					"$(inherited)",
					"@executable_path/Frameworks",
				);
				PRODUCT_BUNDLE_IDENTIFIER = com.peddler;
				PRODUCT_NAME = "$(TARGET_NAME)";
				SWIFT_VERSION = 5.0;
				TARGETED_DEVICE_FAMILY = "1,2";
			};
			name = Debug;
		};
		735A2E6627367D2C00A697F1 /* Release */ = {
			isa = XCBuildConfiguration;
			baseConfigurationReference = 5E677FF1ACB9E3E9F6B55BFD /* Pods-peddler.release.xcconfig */;
			buildSettings = {
				ASSETCATALOG_COMPILER_APPICON_NAME = AppIcon;
				ASSETCATALOG_COMPILER_GLOBAL_ACCENT_COLOR_NAME = AccentColor;
				CODE_SIGN_STYLE = Automatic;
				INFOPLIST_FILE = peddler/Info.plist;
				LD_RUNPATH_SEARCH_PATHS = (
					"$(inherited)",
					"@executable_path/Frameworks",
				);
				PRODUCT_BUNDLE_IDENTIFIER = com.peddler;
				PRODUCT_NAME = "$(TARGET_NAME)";
				SWIFT_VERSION = 5.0;
				TARGETED_DEVICE_FAMILY = "1,2";
			};
			name = Release;
		};
/* End XCBuildConfiguration section */

/* Begin XCConfigurationList section */
		735A2E4827367D2200A697F1 /* Build configuration list for PBXProject "peddler" */ = {
			isa = XCConfigurationList;
			buildConfigurations = (
				735A2E6227367D2C00A697F1 /* Debug */,
				735A2E6327367D2C00A697F1 /* Release */,
			);
			defaultConfigurationIsVisible = 0;
			defaultConfigurationName = Release;
		};
		735A2E6427367D2C00A697F1 /* Build configuration list for PBXNativeTarget "peddler" */ = {
			isa = XCConfigurationList;
			buildConfigurations = (
				735A2E6527367D2C00A697F1 /* Debug */,
				735A2E6627367D2C00A697F1 /* Release */,
			);
			defaultConfigurationIsVisible = 0;
			defaultConfigurationName = Release;
		};
/* End XCConfigurationList section */

/* Begin XCVersionGroup section */
		735A2E5927367D2200A697F1 /* peddler.xcdatamodeld */ = {
			isa = XCVersionGroup;
			children = (
				735A2E5A27367D2200A697F1 /* peddler.xcdatamodel */,
			);
			currentVersion = 735A2E5A27367D2200A697F1 /* peddler.xcdatamodel */;
			path = peddler.xcdatamodeld;
			sourceTree = "<group>";
			versionGroupType = wrapper.xcdatamodel;
		};
/* End XCVersionGroup section */
	};
	rootObject = 735A2E4527367D2200A697F1 /* Project object */;
}
